
Microsoft Visual Studio Solution File, Format Version 12.00
# Visual Studio Version 16
VisualStudioVersion = 16.0.29728.190
MinimumVisualStudioVersion = 10.0.40219.1
Project("{FAE04EC0-301F-11D3-BF4B-00C04F79EFBC}") = "MyShop", "GoodForm\MyShop.csproj", "{C83964FA-08F0-4ABB-93FC-09B09E78912B}"
EndProject
Global
	GlobalSection(SolutionConfigurationPlatforms) = preSolution
		Debug|Any CPU = Debug|Any CPU
		Release|Any CPU = Release|Any CPU
	EndGlobalSection
	GlobalSection(ProjectConfigurationPlatforms) = postSolution
		{C83964FA-08F0-4ABB-93FC-09B09E78912B}.Debug|Any CPU.ActiveCfg = Debug|Any CPU
		{C83964FA-08F0-4ABB-93FC-09B09E78912B}.Debug|Any CPU.Build.0 = Debug|Any CPU
		{C83964FA-08F0-4ABB-93FC-09B09E78912B}.Release|Any CPU.ActiveCfg = Release|Any CPU
		{C83964FA-08F0-4ABB-93FC-09B09E78912B}.Release|Any CPU.Build.0 = Release|Any CPU
	EndGlobalSection
	GlobalSection(SolutionProperties) = preSolution
		HideSolutionNode = FALSE
	EndGlobalSection
	GlobalSection(ExtensibilityGlobals) = postSolution
		SolutionGuid = {34738DA1-05E7-49F5-91B9-96D3F31D4524}
	EndGlobalSection
EndGlobal
